Microsoft Visual Studio Solution File, Format Version 12.00
# Visual Studio Version 17
VisualStudioVersion = 17.5.2.0
MinimumVisualStudioVersion = 10.0.40219.1
Project("{FAE04EC0-301F-11D3-BF4B-00C04F79EFBC}") = "BetterRichPresenceApp", "BetterRichPresenceApp.csproj", "{15F1850B-FC4C-5F8D-A4F6-635DFEBC1315}"
EndProject
Global
	GlobalSection(SolutionConfigurationPlatforms) = preSolution
		Debug|Any CPU = Debug|Any CPU
		Release|Any CPU = Release|Any CPU
	EndGlobalSection
	GlobalSection(ProjectConfigurationPlatforms) = postSolution
		{15F1850B-FC4C-5F8D-A4F6-635DFEBC1315}.Debug|Any CPU.ActiveCfg = Debug|Any CPU
		{15F1850B-FC4C-5F8D-A4F6-635DFEBC1315}.Debug|Any CPU.Build.0 = Debug|Any CPU
		{15F1850B-FC4C-5F8D-A4F6-635DFEBC1315}.Release|Any CPU.ActiveCfg = Release|Any CPU
		{15F1850B-FC4C-5F8D-A4F6-635DFEBC1315}.Release|Any CPU.Build.0 = Release|Any CPU
	EndGlobalSection
	GlobalSection(SolutionProperties) = preSolution
		HideSolutionNode = FALSE
	EndGlobalSection
	GlobalSection(ExtensibilityGlobals) = postSolution
		SolutionGuid = {6C79450B-4527-470B-9B27-DE99B344F702}
	EndGlobalSection
EndGlobal
